
Microsoft Visual Studio Solution File, Format Version 12.00
# Visual Studio Version 16
VisualStudioVersion = 16.0.31729.503
MinimumVisualStudioVersion = 10.0.40219.1
Project("{FAE04EC0-301F-11D3-BF4B-00C04F79EFBC}") = "Kaboooom", "Kaboooom.csproj", "{DE41248E-38F2-4DE4-9700-7CE1CA5A1866}"
EndProject
Global
	GlobalSection(SolutionConfigurationPlatforms) = preSolution
		Debug|Any CPU = Debug|Any CPU
		Release|Any CPU = Release|Any CPU
	EndGlobalSection
	GlobalSection(ProjectConfigurationPlatforms) = postSolution
		{DE41248E-38F2-4DE4-9700-7CE1CA5A1866}.Debug|Any CPU.ActiveCfg = Debug|Any CPU
		{DE41248E-38F2-4DE4-9700-7CE1CA5A1866}.Debug|Any CPU.Build.0 = Debug|Any CPU
		{DE41248E-38F2-4DE4-9700-7CE1CA5A1866}.Release|Any CPU.ActiveCfg = Release|Any CPU
		{DE41248E-38F2-4DE4-9700-7CE1CA5A1866}.Release|Any CPU.Build.0 = Release|Any CPU
	EndGlobalSection
	GlobalSection(SolutionProperties) = preSolution
		HideSolutionNode = FALSE
	EndGlobalSection
	GlobalSection(ExtensibilityGlobals) = postSolution
		SolutionGuid = {B36FAFAE-777F-4715-8D2C-D6B39B988C36}
	EndGlobalSection
EndGlobal
